
Microsoft Visual Studio Solution File, Format Version 11.00
# Visual Studio 2010
Project("{FAE04EC0-301F-11D3-BF4B-00C04F79EFBC}") = "SIR.Tests", "SIR.Tests\SIR.Tests.csproj", "{E75CA2B8-62BA-487C-A124-85F3F9BCD8C7}"
EndProject
Project("{FAE04EC0-301F-11D3-BF4B-00C04F79EFBC}") = "ControlSystem", "ControlSystem\ControlSystem.csproj", "{1B49DF99-175F-4DC5-9FD5-6ED464267C67}"
EndProject
Project("{FAE04EC0-301F-11D3-BF4B-00C04F79EFBC}") = "RoboGO", "RoboGO\RoboGO.csproj", "{FFECC616-7867-4305-B9C9-D6AC64159743}"
EndProject
Project("{FAE04EC0-301F-11D3-BF4B-00C04F79EFBC}") = "SqlInteraction", "SqlInteraction\SqlInteraction.csproj", "{AEAEF8D6-5791-41F8-B143-866502B90F25}"
EndProject
Project("{F088123C-0E9E-452A-89E6-6BA2F21D5CAC}") = "Diagrammer", "Diagrammer\Diagrammer.modelproj", "{A4FF340A-309D-410C-B22F-FA626BABC381}"
EndProject
Global
	GlobalSection(SolutionConfigurationPlatforms) = preSolution
		Debug|Any CPU = Debug|Any CPU
		Debug|Mixed Platforms = Debug|Mixed Platforms
		Debug|x86 = Debug|x86
		Release|Any CPU = Release|Any CPU
		Release|Mixed Platforms = Release|Mixed Platforms
		Release|x86 = Release|x86
	EndGlobalSection
	GlobalSection(ProjectConfigurationPlatforms) = postSolution
		{E75CA2B8-62BA-487C-A124-85F3F9BCD8C7}.Debug|Any CPU.ActiveCfg = Debug|Any CPU
		{E75CA2B8-62BA-487C-A124-85F3F9BCD8C7}.Debug|Any CPU.Build.0 = Debug|Any CPU
		{E75CA2B8-62BA-487C-A124-85F3F9BCD8C7}.Debug|Mixed Platforms.ActiveCfg = Debug|Any CPU
		{E75CA2B8-62BA-487C-A124-85F3F9BCD8C7}.Debug|Mixed Platforms.Build.0 = Debug|Any CPU
		{E75CA2B8-62BA-487C-A124-85F3F9BCD8C7}.Debug|x86.ActiveCfg = Debug|Any CPU
		{E75CA2B8-62BA-487C-A124-85F3F9BCD8C7}.Release|Any CPU.ActiveCfg = Release|Any CPU
		{E75CA2B8-62BA-487C-A124-85F3F9BCD8C7}.Release|Any CPU.Build.0 = Release|Any CPU
		{E75CA2B8-62BA-487C-A124-85F3F9BCD8C7}.Release|Mixed Platforms.ActiveCfg = Release|Any CPU
		{E75CA2B8-62BA-487C-A124-85F3F9BCD8C7}.Release|Mixed Platforms.Build.0 = Release|Any CPU
		{E75CA2B8-62BA-487C-A124-85F3F9BCD8C7}.Release|x86.ActiveCfg = Release|Any CPU
		{1B49DF99-175F-4DC5-9FD5-6ED464267C67}.Debug|Any CPU.ActiveCfg = Debug|Any CPU
		{1B49DF99-175F-4DC5-9FD5-6ED464267C67}.Debug|Any CPU.Build.0 = Debug|Any CPU
		{1B49DF99-175F-4DC5-9FD5-6ED464267C67}.Debug|Mixed Platforms.ActiveCfg = Debug|Any CPU
		{1B49DF99-175F-4DC5-9FD5-6ED464267C67}.Debug|Mixed Platforms.Build.0 = Debug|Any CPU
		{1B49DF99-175F-4DC5-9FD5-6ED464267C67}.Debug|x86.ActiveCfg = Debug|Any CPU
		{1B49DF99-175F-4DC5-9FD5-6ED464267C67}.Release|Any CPU.ActiveCfg = Release|Any CPU
		{1B49DF99-175F-4DC5-9FD5-6ED464267C67}.Release|Any CPU.Build.0 = Release|Any CPU
		{1B49DF99-175F-4DC5-9FD5-6ED464267C67}.Release|Mixed Platforms.ActiveCfg = Release|Any CPU
		{1B49DF99-175F-4DC5-9FD5-6ED464267C67}.Release|Mixed Platforms.Build.0 = Release|Any CPU
		{1B49DF99-175F-4DC5-9FD5-6ED464267C67}.Release|x86.ActiveCfg = Release|Any CPU
		{FFECC616-7867-4305-B9C9-D6AC64159743}.Debug|Any CPU.ActiveCfg = Debug|x86
		{FFECC616-7867-4305-B9C9-D6AC64159743}.Debug|Any CPU.Build.0 = Debug|Any CPU
		{FFECC616-7867-4305-B9C9-D6AC64159743}.Debug|Mixed Platforms.ActiveCfg = Debug|x86
		{FFECC616-7867-4305-B9C9-D6AC64159743}.Debug|Mixed Platforms.Build.0 = Debug|x86
		{FFECC616-7867-4305-B9C9-D6AC64159743}.Debug|x86.ActiveCfg = Debug|x86
		{FFECC616-7867-4305-B9C9-D6AC64159743}.Debug|x86.Build.0 = Debug|x86
		{FFECC616-7867-4305-B9C9-D6AC64159743}.Release|Any CPU.ActiveCfg = Release|x86
		{FFECC616-7867-4305-B9C9-D6AC64159743}.Release|Any CPU.Build.0 = Release|Any CPU
		{FFECC616-7867-4305-B9C9-D6AC64159743}.Release|Mixed Platforms.ActiveCfg = Release|x86
		{FFECC616-7867-4305-B9C9-D6AC64159743}.Release|Mixed Platforms.Build.0 = Release|x86
		{FFECC616-7867-4305-B9C9-D6AC64159743}.Release|x86.ActiveCfg = Release|x86
		{FFECC616-7867-4305-B9C9-D6AC64159743}.Release|x86.Build.0 = Release|x86
		{AEAEF8D6-5791-41F8-B143-866502B90F25}.Debug|Any CPU.ActiveCfg = Debug|Any CPU
		{AEAEF8D6-5791-41F8-B143-866502B90F25}.Debug|Any CPU.Build.0 = Debug|Any CPU
		{AEAEF8D6-5791-41F8-B143-866502B90F25}.Debug|Mixed Platforms.ActiveCfg = Debug|Any CPU
		{AEAEF8D6-5791-41F8-B143-866502B90F25}.Debug|Mixed Platforms.Build.0 = Debug|Any CPU
		{AEAEF8D6-5791-41F8-B143-866502B90F25}.Debug|x86.ActiveCfg = Debug|Any CPU
		{AEAEF8D6-5791-41F8-B143-866502B90F25}.Release|Any CPU.ActiveCfg = Release|Any CPU
		{AEAEF8D6-5791-41F8-B143-866502B90F25}.Release|Any CPU.Build.0 = Release|Any CPU
		{AEAEF8D6-5791-41F8-B143-866502B90F25}.Release|Mixed Platforms.ActiveCfg = Release|Any CPU
		{AEAEF8D6-5791-41F8-B143-866502B90F25}.Release|Mixed Platforms.Build.0 = Release|Any CPU
		{AEAEF8D6-5791-41F8-B143-866502B90F25}.Release|x86.ActiveCfg = Release|Any CPU
		{A4FF340A-309D-410C-B22F-FA626BABC381}.Debug|Any CPU.ActiveCfg = Debug|Any CPU
		{A4FF340A-309D-410C-B22F-FA626BABC381}.Debug|Any CPU.Build.0 = Debug|Any CPU
		{A4FF340A-309D-410C-B22F-FA626BABC381}.Debug|Mixed Platforms.ActiveCfg = Debug|Any CPU
		{A4FF340A-309D-410C-B22F-FA626BABC381}.Debug|Mixed Platforms.Build.0 = Debug|Any CPU
		{A4FF340A-309D-410C-B22F-FA626BABC381}.Debug|x86.ActiveCfg = Debug|Any CPU
		{A4FF340A-309D-410C-B22F-FA626BABC381}.Release|Any CPU.ActiveCfg = Release|Any CPU
		{A4FF340A-309D-410C-B22F-FA626BABC381}.Release|Any CPU.Build.0 = Release|Any CPU
		{A4FF340A-309D-410C-B22F-FA626BABC381}.Release|Mixed Platforms.ActiveCfg = Release|Any CPU
		{A4FF340A-309D-410C-B22F-FA626BABC381}.Release|Mixed Platforms.Build.0 = Release|Any CPU
		{A4FF340A-309D-410C-B22F-FA626BABC381}.Release|x86.ActiveCfg = Release|Any CPU
	EndGlobalSection
	GlobalSection(SolutionProperties) = preSolution
		HideSolutionNode = FALSE
	EndGlobalSection
EndGlobal
